{"filter":false,"title":"Gemfile.lock","tooltip":"/Rails6-bookers2-debug-main/Gemfile.lock","undoManager":{"mark":-1,"position":-1,"stack":[]},"ace":{"folds":[],"scrolltop":1500,"scrollleft":0,"selection":{"start":{"row":0,"column":0},"end":{"row":0,"column":0},"isBackwards":false},"options":{"guessTabSize":true,"useWrapMode":false,"wrapToView":true},"firstLineState":{"row":92,"state":"start","mode":"ace/mode/text"}},"timestamp":1662033603094,"hash":"2b0dcfde3a7e12b1cdbbf5a5ed3dda787a981ff6"}