{"filter":false,"title":"Gemfile.lock","tooltip":"/Rails6-bookers1-debug-main/Gemfile.lock","undoManager":{"mark":-1,"position":-1,"stack":[]},"ace":{"folds":[],"scrolltop":0,"scrollleft":0,"selection":{"start":{"row":3,"column":9},"end":{"row":3,"column":9},"isBackwards":false},"options":{"guessTabSize":true,"useWrapMode":false,"wrapToView":true},"firstLineState":0},"timestamp":1661418901919,"hash":"16c107da43a43c0ba50edaa4da9e7c07c1e2bb2b"}